
Microsoft Visual Studio Solution File, Format Version 12.00
# Visual Studio Version 17
VisualStudioVersion = 17.14.36414.22 d17.14
MinimumVisualStudioVersion = 10.0.40219.1
Project("{FAE04EC0-301F-11D3-BF4B-00C04F79EFBC}") = "Emailapp", "Emailapp.csproj", "{DDFC0906-CE8F-4C27-83A8-FCC812CCBF90}"
EndProject
Global
	GlobalSection(SolutionConfigurationPlatforms) = preSolution
		Debug|Any CPU = Debug|Any CPU
		Release|Any CPU = Release|Any CPU
	EndGlobalSection
	GlobalSection(ProjectConfigurationPlatforms) = postSolution
		{DDFC0906-CE8F-4C27-83A8-FCC812CCBF90}.Debug|Any CPU.ActiveCfg = Debug|Any CPU
		{DDFC0906-CE8F-4C27-83A8-FCC812CCBF90}.Debug|Any CPU.Build.0 = Debug|Any CPU
		{DDFC0906-CE8F-4C27-83A8-FCC812CCBF90}.Release|Any CPU.ActiveCfg = Release|Any CPU
		{DDFC0906-CE8F-4C27-83A8-FCC812CCBF90}.Release|Any CPU.Build.0 = Release|Any CPU
	EndGlobalSection
	GlobalSection(SolutionProperties) = preSolution
		HideSolutionNode = FALSE
	EndGlobalSection
	GlobalSection(ExtensibilityGlobals) = postSolution
		SolutionGuid = {6FF88958-DFFE-412F-ADCE-663B60E18C6A}
	EndGlobalSection
EndGlobal
